
Microsoft Visual Studio Solution File, Format Version 12.00
# Visual Studio Version 16
VisualStudioVersion = 16.0.29806.167
MinimumVisualStudioVersion = 10.0.40219.1
Project("{FAE04EC0-301F-11D3-BF4B-00C04F79EFBC}") = "WSTI.WP.Dekorator", "WSTI.WP.Dekorator\WSTI.WP.Dekorator.csproj", "{56C80FF7-1342-44EA-AFED-943957221AC0}"
EndProject
Project("{FAE04EC0-301F-11D3-BF4B-00C04F79EFBC}") = "WSTI.WP.Kompozyt", "WSTI.WP.Kompozyt\WSTI.WP.Kompozyt.csproj", "{63972DF0-6B76-4C54-8B6C-47DC314B8773}"
EndProject
Project("{FAE04EC0-301F-11D3-BF4B-00C04F79EFBC}") = "WSTI.WP.Fabryka", "WSTI.WP.Fabryka\WSTI.WP.Fabryka.csproj", "{DC0CB05C-4E6D-4F7B-9698-95A0072BE38A}"
EndProject
Project("{FAE04EC0-301F-11D3-BF4B-00C04F79EFBC}") = "WSTI.WP.Obserwator", "WSTI.WP.Obserwator\WSTI.WP.Obserwator.csproj", "{B9BE9D60-6A14-4506-AC78-75B27D1DD9FA}"
EndProject
Project("{FAE04EC0-301F-11D3-BF4B-00C04F79EFBC}") = "WSTI.WP.Strategia", "WSTI.WP.Strategia\WSTI.WP.Strategia.csproj", "{103C0F3B-8E2C-444F-90F1-1303C75D0DFF}"
EndProject
Global
	GlobalSection(SolutionConfigurationPlatforms) = preSolution
		Debug|Any CPU = Debug|Any CPU
		Release|Any CPU = Release|Any CPU
	EndGlobalSection
	GlobalSection(ProjectConfigurationPlatforms) = postSolution
		{56C80FF7-1342-44EA-AFED-943957221AC0}.Debug|Any CPU.ActiveCfg = Debug|Any CPU
		{56C80FF7-1342-44EA-AFED-943957221AC0}.Debug|Any CPU.Build.0 = Debug|Any CPU
		{56C80FF7-1342-44EA-AFED-943957221AC0}.Release|Any CPU.ActiveCfg = Release|Any CPU
		{56C80FF7-1342-44EA-AFED-943957221AC0}.Release|Any CPU.Build.0 = Release|Any CPU
		{63972DF0-6B76-4C54-8B6C-47DC314B8773}.Debug|Any CPU.ActiveCfg = Debug|Any CPU
		{63972DF0-6B76-4C54-8B6C-47DC314B8773}.Debug|Any CPU.Build.0 = Debug|Any CPU
		{63972DF0-6B76-4C54-8B6C-47DC314B8773}.Release|Any CPU.ActiveCfg = Release|Any CPU
		{63972DF0-6B76-4C54-8B6C-47DC314B8773}.Release|Any CPU.Build.0 = Release|Any CPU
		{DC0CB05C-4E6D-4F7B-9698-95A0072BE38A}.Debug|Any CPU.ActiveCfg = Debug|Any CPU
		{DC0CB05C-4E6D-4F7B-9698-95A0072BE38A}.Debug|Any CPU.Build.0 = Debug|Any CPU
		{DC0CB05C-4E6D-4F7B-9698-95A0072BE38A}.Release|Any CPU.ActiveCfg = Release|Any CPU
		{DC0CB05C-4E6D-4F7B-9698-95A0072BE38A}.Release|Any CPU.Build.0 = Release|Any CPU
		{B9BE9D60-6A14-4506-AC78-75B27D1DD9FA}.Debug|Any CPU.ActiveCfg = Debug|Any CPU
		{B9BE9D60-6A14-4506-AC78-75B27D1DD9FA}.Debug|Any CPU.Build.0 = Debug|Any CPU
		{B9BE9D60-6A14-4506-AC78-75B27D1DD9FA}.Release|Any CPU.ActiveCfg = Release|Any CPU
		{B9BE9D60-6A14-4506-AC78-75B27D1DD9FA}.Release|Any CPU.Build.0 = Release|Any CPU
		{103C0F3B-8E2C-444F-90F1-1303C75D0DFF}.Debug|Any CPU.ActiveCfg = Debug|Any CPU
		{103C0F3B-8E2C-444F-90F1-1303C75D0DFF}.Debug|Any CPU.Build.0 = Debug|Any CPU
		{103C0F3B-8E2C-444F-90F1-1303C75D0DFF}.Release|Any CPU.ActiveCfg = Release|Any CPU
		{103C0F3B-8E2C-444F-90F1-1303C75D0DFF}.Release|Any CPU.Build.0 = Release|Any CPU
	EndGlobalSection
	GlobalSection(SolutionProperties) = preSolution
		HideSolutionNode = FALSE
	EndGlobalSection
	GlobalSection(ExtensibilityGlobals) = postSolution
		SolutionGuid = {AA1ACD7E-E179-4A0F-AAC8-89356B789F13}
	EndGlobalSection
EndGlobal
